
Microsoft Visual Studio Solution File, Format Version 12.00
# Visual Studio Version 17
VisualStudioVersion = 17.13.35931.197
MinimumVisualStudioVersion = 10.0.40219.1
Project("{FAE04EC0-301F-11D3-BF4B-00C04F79EFBC}") = "TornTools.Api", "TornTools.Api\TornTools.Api.csproj", "{AA9115C8-094F-403A-AFE2-23186072A989}"
EndProject
Project("{FAE04EC0-301F-11D3-BF4B-00C04F79EFBC}") = "TornTools.Persistence", "TornTools.Persistence\TornTools.Persistence.csproj", "{5FBAD109-F562-4DCE-AB0C-841F1A5DC6BC}"
EndProject
Project("{FAE04EC0-301F-11D3-BF4B-00C04F79EFBC}") = "TornTools.Core", "TornTools.Core\TornTools.Core.csproj", "{927F4C48-3C92-49A4-B50F-06F898E06D96}"
EndProject
Project("{FAE04EC0-301F-11D3-BF4B-00C04F79EFBC}") = "TornTools.Application", "TornTools.Application\TornTools.Application.csproj", "{22903D9E-834A-4399-9EB3-B1A9F5647CD3}"
EndProject
Project("{FAE04EC0-301F-11D3-BF4B-00C04F79EFBC}") = "TornTools.Cron", "TornTools.Cron\TornTools.Cron.csproj", "{73BB3009-419E-4153-B8C6-9D16B0E0D7CC}"
EndProject
Global
	GlobalSection(SolutionConfigurationPlatforms) = preSolution
		Debug|Any CPU = Debug|Any CPU
		Release|Any CPU = Release|Any CPU
	EndGlobalSection
	GlobalSection(ProjectConfigurationPlatforms) = postSolution
		{AA9115C8-094F-403A-AFE2-23186072A989}.Debug|Any CPU.ActiveCfg = Debug|Any CPU
		{AA9115C8-094F-403A-AFE2-23186072A989}.Debug|Any CPU.Build.0 = Debug|Any CPU
		{AA9115C8-094F-403A-AFE2-23186072A989}.Release|Any CPU.ActiveCfg = Release|Any CPU
		{AA9115C8-094F-403A-AFE2-23186072A989}.Release|Any CPU.Build.0 = Release|Any CPU
		{5FBAD109-F562-4DCE-AB0C-841F1A5DC6BC}.Debug|Any CPU.ActiveCfg = Debug|Any CPU
		{5FBAD109-F562-4DCE-AB0C-841F1A5DC6BC}.Debug|Any CPU.Build.0 = Debug|Any CPU
		{5FBAD109-F562-4DCE-AB0C-841F1A5DC6BC}.Release|Any CPU.ActiveCfg = Release|Any CPU
		{5FBAD109-F562-4DCE-AB0C-841F1A5DC6BC}.Release|Any CPU.Build.0 = Release|Any CPU
		{927F4C48-3C92-49A4-B50F-06F898E06D96}.Debug|Any CPU.ActiveCfg = Debug|Any CPU
		{927F4C48-3C92-49A4-B50F-06F898E06D96}.Debug|Any CPU.Build.0 = Debug|Any CPU
		{927F4C48-3C92-49A4-B50F-06F898E06D96}.Release|Any CPU.ActiveCfg = Release|Any CPU
		{927F4C48-3C92-49A4-B50F-06F898E06D96}.Release|Any CPU.Build.0 = Release|Any CPU
		{22903D9E-834A-4399-9EB3-B1A9F5647CD3}.Debug|Any CPU.ActiveCfg = Debug|Any CPU
		{22903D9E-834A-4399-9EB3-B1A9F5647CD3}.Debug|Any CPU.Build.0 = Debug|Any CPU
		{22903D9E-834A-4399-9EB3-B1A9F5647CD3}.Release|Any CPU.ActiveCfg = Release|Any CPU
		{22903D9E-834A-4399-9EB3-B1A9F5647CD3}.Release|Any CPU.Build.0 = Release|Any CPU
		{73BB3009-419E-4153-B8C6-9D16B0E0D7CC}.Debug|Any CPU.ActiveCfg = Debug|Any CPU
		{73BB3009-419E-4153-B8C6-9D16B0E0D7CC}.Debug|Any CPU.Build.0 = Debug|Any CPU
		{73BB3009-419E-4153-B8C6-9D16B0E0D7CC}.Release|Any CPU.ActiveCfg = Release|Any CPU
		{73BB3009-419E-4153-B8C6-9D16B0E0D7CC}.Release|Any CPU.Build.0 = Release|Any CPU
	EndGlobalSection
	GlobalSection(SolutionProperties) = preSolution
		HideSolutionNode = FALSE
	EndGlobalSection
	GlobalSection(ExtensibilityGlobals) = postSolution
		SolutionGuid = {00D7171B-645B-42C1-8ECB-CC3321A94ACE}
	EndGlobalSection
EndGlobal
